[[package]]
name = "aiokafka"
version = "0.7.2"
description = "Kafka integration with asyncio."
category = "main"
optional = false
python-versions = "*"

[package.dependencies]
kafka-python = ">=2.0.0"

[package.extras]
snappy = ["python-snappy (>=0.5)"]

[[package]]
name = "click"
version = "8.0.4"
description = "Composable command line interface toolkit"
category = "main"
optional = false
python-versions = ">=3.6"

[package.dependencies]
colorama = {version = "*", markers = "platform_system == \"Windows\""}

[[package]]
name = "colorama"
version = "0.4.4"
description = "Cross-platform colored terminal text."
category = "main"
optional = false
python-versions = ">=2.7, !=3.0.*, !=3.1.*, !=3.2.*, !=3.3.*, !=3.4.*"

[[package]]
name = "dacite"
version = "1.6.0"
description = "Simple creation of data classes from dictionaries."
category = "main"
optional = false
python-versions = ">=3.6"

[package.extras]
dev = ["pytest (>=5)", "pytest-cov", "coveralls", "black", "mypy", "pylint"]

[[package]]
name = "dataclasses-avroschema"
version = "0.28.0"
description = "Generate Avro Schemas from a Python class"
category = "main"
optional = false
python-versions = "*"

[package.dependencies]
dacite = ">=1.6.0"
faker = ">=8.1.1"
fastavro = ">=1.4.0"
inflect = ">=5.3.0"
pytz = "*"
stringcase = ">=1.2.0"

[package.extras]
pydantic = ["pydantic (>=1.9.0)"]

[[package]]
name = "faker"
version = "13.3.3"
description = "Faker is a Python package that generates fake data for you."
category = "main"
optional = false
python-versions = ">=3.6"

[package.dependencies]
python-dateutil = ">=2.4"

[[package]]
name = "fastavro"
version = "1.4.10"
description = "Fast read/write of AVRO files"
category = "main"
optional = false
python-versions = ">=3.7"

[package.extras]
codecs = ["python-snappy", "zstandard", "lz4"]
lz4 = ["lz4"]
snappy = ["python-snappy"]
zstandard = ["zstandard"]

[[package]]
name = "inflect"
version = "5.4.0"
description = "Correctly generate plurals, singular nouns, ordinals, indefinite articles; convert numbers to words"
category = "main"
optional = false
python-versions = ">=3.7"

[package.extras]
docs = ["sphinx", "jaraco.packaging (>=8.2)", "rst.linker (>=1.9)", "jaraco.tidelift (>=1.4)"]
testing = ["pytest (>=6)", "pytest-checkdocs (>=2.4)", "pytest-flake8", "pytest-cov", "pytest-enabler (>=1.0.1)", "pygments", "pytest-black (>=0.3.7)", "pytest-mypy"]

[[package]]
name = "kafka-python"
version = "2.0.2"
description = "Pure Python client for Apache Kafka"
category = "main"
optional = false
python-versions = "*"

[package.extras]
crc32c = ["crc32c"]

[[package]]
name = "python-dateutil"
version = "2.8.2"
description = "Extensions to the standard Python datetime module"
category = "main"
optional = false
python-versions = "!=3.0.*,!=3.1.*,!=3.2.*,>=2.7"

[package.dependencies]
six = ">=1.5"

[[package]]
name = "pytz"
version = "2022.1"
description = "World timezone definitions, modern and historical"
category = "main"
optional = false
python-versions = "*"

[[package]]
name = "six"
version = "1.16.0"
description = "Python 2 and 3 compatibility utilities"
category = "main"
optional = false
python-versions = ">=2.7, !=3.0.*, !=3.1.*, !=3.2.*"

[[package]]
name = "stringcase"
version = "1.2.0"
description = "String case converter."
category = "main"
optional = false
python-versions = "*"

[[package]]
name = "typer"
version = "0.4.0"
description = "Typer, build great CLIs. Easy to code. Based on Python type hints."
category = "main"
optional = false
python-versions = ">=3.6"

[package.dependencies]
click = ">=7.1.1,<9.0.0"

[package.extras]
all = ["colorama (>=0.4.3,<0.5.0)", "shellingham (>=1.3.0,<2.0.0)"]
dev = ["autoflake (>=1.3.1,<2.0.0)", "flake8 (>=3.8.3,<4.0.0)"]
doc = ["mkdocs (>=1.1.2,<2.0.0)", "mkdocs-material (>=5.4.0,<6.0.0)", "markdown-include (>=0.5.1,<0.6.0)"]
test = ["shellingham (>=1.3.0,<2.0.0)", "pytest (>=4.4.0,<5.4.0)", "pytest-cov (>=2.10.0,<3.0.0)", "coverage (>=5.2,<6.0)", "pytest-xdist (>=1.32.0,<2.0.0)", "pytest-sugar (>=0.9.4,<0.10.0)", "mypy (==0.910)", "black (>=19.10b0,<20.0b0)", "isort (>=5.0.6,<6.0.0)"]

[metadata]
lock-version = "1.1"
python-versions = "^3.10"
content-hash = "b3a943bcef015f007546a56c7923ba5887b7ca4bbd1e7e620a72a123367cdb7d"

[metadata.files]
aiokafka = [
    {file = "aiokafka-0.7.2-cp36-cp36m-macosx_10_9_x86_64.whl", hash = "sha256:b19f077e12fe23e359f7a7dca9baf8532c63f4c8149703ce4c56de372d17e26c"},
    {file = "aiokafka-0.7.2-cp36-cp36m-manylinux_2_12_i686.manylinux2010_i686.whl", hash = "sha256:d801bb2f5a4ae726a433ae74a5d34e7e0d44128de53c9c7eea5cb4cdaaf80175"},
    {file = "aiokafka-0.7.2-cp36-cp36m-manylinux_2_12_x86_64.manylinux2010_x86_64.whl", hash = "sha256:3b1f1e9ad66883ed809d737d57edfb13f1aeb9b08c6fd6b71afefce712c13dad"},
    {file = "aiokafka-0.7.2-cp36-cp36m-win32.whl", hash = "sha256:383cc7d45b47676fea60dbedee747c5c08dde5c10b1be0afc6598fb21a7891b4"},
    {file = "aiokafka-0.7.2-cp36-cp36m-win_amd64.whl", hash = "sha256:ce23baeaacf501f619967067d2c0d4c2b2b761012f9f9c8a49593e96c7550aff"},
    {file = "aiokafka-0.7.2-cp37-cp37m-macosx_10_9_x86_64.whl", hash = "sha256:c96824cef1a480fd2ab4bbd9e9aa737c9191211bab5f7787ef401926d5fda95d"},
    {file = "aiokafka-0.7.2-cp37-cp37m-manylinux_2_12_i686.manylinux2010_i686.whl", hash = "sha256:34eda0b6eb794c36f4100be772f3b120a3c00daaf342f593f32994a762aed7e8"},
    {file = "aiokafka-0.7.2-cp37-cp37m-manylinux_2_12_x86_64.manylinux2010_x86_64.whl", hash = "sha256:e6e78206e5d031e6644d3a46153a146d2d2afff4cf9da9a81edb9f8714114b62"},
    {file = "aiokafka-0.7.2-cp37-cp37m-win32.whl", hash = "sha256:ebbb258840f134bad0e6ca8681a87cd292a1f4ed7253a821c16b4e9f2610a04a"},
    {file = "aiokafka-0.7.2-cp37-cp37m-win_amd64.whl", hash = "sha256:16731e8aa0fc70dc35c31041599c9a5237dd5d2c1a4d04af58f30a942191a281"},
    {file = "aiokafka-0.7.2-cp38-cp38-macosx_10_9_x86_64.whl", hash = "sha256:1a9b6ecb606062b3595bc5104b85b42b62621a86d179b75d708279041152f461"},
    {file = "aiokafka-0.7.2-cp38-cp38-manylinux_2_12_i686.manylinux2010_i686.whl", hash = "sha256:cda55f5cfb19ea7d2f55a51d320a57312f152dab3e333fa1fbfcdde7a9e25a53"},
    {file = "aiokafka-0.7.2-cp38-cp38-manylinux_2_12_x86_64.manylinux2010_x86_64.whl", hash = "sha256:7d56627c3250ba2359dfa90f2c8a3ab995795e0116038905b2f8a608cd1fd606"},
    {file = "aiokafka-0.7.2-cp38-cp38-win32.whl", hash = "sha256:be43d7ddd700d501a6f4c59c859baa9888c2d086b69882f542951bae41234f6a"},
    {file = "aiokafka-0.7.2-cp38-cp38-win_amd64.whl", hash = "sha256:594d2a29875f78d56251141ff95a982c5be64844dc9ae619c285f36c57a08c6e"},
    {file = "aiokafka-0.7.2-cp39-cp39-macosx_10_9_x86_64.whl", hash = "sha256:5371bd663f545ced555775e7e49f39a54b243435098a9699582bb3b32884e332"},
    {file = "aiokafka-0.7.2-cp39-cp39-manylinux_2_12_i686.manylinux2010_i686.whl", hash = "sha256:b1958277eaa702509591c0674790a8c9aced8fef7723dafae0f9aec6d2da71a5"},
    {file = "aiokafka-0.7.2-cp39-cp39-manylinux_2_12_x86_64.manylinux2010_x86_64.whl", hash = "sha256:7fe02a3868236d84356d5fa7c7625ed3a27e52699477c5ee8bd5dc9b5adb592f"},
    {file = "aiokafka-0.7.2-cp39-cp39-win32.whl", hash = "sha256:a3bfe4ad7d3829a98c8391a9a28f179b47df4f66e26ea5b1c665f872b6e21809"},
    {file = "aiokafka-0.7.2-cp39-cp39-win_amd64.whl", hash = "sha256:6116b68ca975caafd7efd338ffdaec63789e1c334af6174e20edc1d16d14e463"},
    {file = "aiokafka-0.7.2.tar.gz", hash = "sha256:a8fc41d18731d8879483aecb93ae7ebf5457f63daf4c8923ddc046792c2c3096"},
]
click = [
    {file = "click-8.0.4-py3-none-any.whl", hash = "sha256:6a7a62563bbfabfda3a38f3023a1db4a35978c0abd76f6c9605ecd6554d6d9b1"},
    {file = "click-8.0.4.tar.gz", hash = "sha256:8458d7b1287c5fb128c90e23381cf99dcde74beaf6c7ff6384ce84d6fe090adb"},
]
colorama = [
    {file = "colorama-0.4.4-py2.py3-none-any.whl", hash = "sha256:9f47eda37229f68eee03b24b9748937c7dc3868f906e8ba69fbcbdd3bc5dc3e2"},
    {file = "colorama-0.4.4.tar.gz", hash = "sha256:5941b2b48a20143d2267e95b1c2a7603ce057ee39fd88e7329b0c292aa16869b"},
]
dacite = [
    {file = "dacite-1.6.0-py3-none-any.whl", hash = "sha256:4331535f7aabb505c732fa4c3c094313fc0a1d5ea19907bf4726a7819a68b93f"},
    {file = "dacite-1.6.0.tar.gz", hash = "sha256:d48125ed0a0352d3de9f493bf980038088f45f3f9d7498f090b50a847daaa6df"},
]
dataclasses-avroschema = [
    {file = "dataclasses-avroschema-0.28.0.tar.gz", hash = "sha256:07ff1d207e9c044dcfa32f936678c8db284c94a3fc1df5b8a7702984f4eaacca"},
    {file = "dataclasses_avroschema-0.28.0-py2.py3-none-any.whl", hash = "sha256:a093c1109076f96c782278f719fa78988d80b2122fb8f4f4a3a02d81d5cb9696"},
]
faker = [
    {file = "Faker-13.3.3-py3-none-any.whl", hash = "sha256:85ed0cb379e3b7414bdb6b484994beaf9bddc74472c8c35f743c16cf5fc0c314"},
    {file = "Faker-13.3.3.tar.gz", hash = "sha256:5536ceb63380f0d598c026b7c330c17d719a19d1a495e9397ee8f5259420a696"},
]
fastavro = [
    {file = "fastavro-1.4.10-cp310-cp310-macosx_10_14_x86_64.whl", hash = "sha256:f225c81e869b3cefef6f2b478cd452693181ed7e645be3cea4d82024354ecaa0"},
    {file = "fastavro-1.4.10-cp310-cp310-manylinux_2_17_x86_64.manylinux2014_x86_64.whl", hash = "sha256:b7669302c9124b7cd6c1bdff80c77116b2290c984814077fb7d01d7389586054"},
    {file = "fastavro-1.4.10-cp310-cp310-win_amd64.whl", hash = "sha256:995525bdfbdfef205ea148b5bc6a9fe5ccf921931123c39d9aad75a2b661681e"},
    {file = "fastavro-1.4.10-cp37-cp37m-macosx_10_14_x86_64.whl", hash = "sha256:64244c53f1e4853184c2f7383d0332e1dcb34c38c05e6613530ade0378e8acfc"},
    {file = "fastavro-1.4.10-cp37-cp37m-manylinux_2_17_aarch64.manylinux2014_aarch64.whl", hash = "sha256:c60965da6dc7a91e00ccd84d84797fad746555f44e8a816c4cc460fb231c44fe"},
    {file = "fastavro-1.4.10-cp37-cp37m-manylinux_2_17_x86_64.manylinux2014_x86_64.whl", hash = "sha256:10eb25378f37dc00c10e83c4c0442c1a6d1b871f74a6dfdfc12b6447962bbdd0"},
    {file = "fastavro-1.4.10-cp37-cp37m-win_amd64.whl", hash = "sha256:d5719adf6045fc743de5fa738d561a81e58dc782c94f1b16cb21b5dd6253e7fd"},
    {file = "fastavro-1.4.10-cp38-cp38-macosx_10_14_x86_64.whl", hash = "sha256:24c4a1a8cc92e135ecfcd9cbd1f6cfa088cbc74d78c18e02a609cb11fa33778d"},
    {file = "fastavro-1.4.10-cp38-cp38-manylinux_2_17_aarch64.manylinux2014_aarch64.whl", hash = "sha256:0934490b0c3bcfd6bcbacbcb5144c6b5e4298cda209fbb17c856adf5405127dd"},
    {file = "fastavro-1.4.10-cp38-cp38-manylinux_2_17_x86_64.manylinux2014_x86_64.whl", hash = "sha256:a23763d73412c077aee401a0368c64cbc23859e26711dbae78a3cf0227f65165"},
    {file = "fastavro-1.4.10-cp38-cp38-win_amd64.whl", hash = "sha256:09f1dfdd8192ae09e0f477d1f024d8054fccdb099ad495d2a796bcee3cadebd1"},
    {file = "fastavro-1.4.10-cp39-cp39-macosx_10_15_x86_64.whl", hash = "sha256:0c6695753fa3035bbd0fa5cb21bf1b5dad39483c669b32ca0bb55fb07c1ccc87"},
    {file = "fastavro-1.4.10-cp39-cp39-manylinux_2_17_aarch64.manylinux2014_aarch64.whl", hash = "sha256:35f960dbba04647d8d6d5616f879622d2a1e8a84eb2d2e02a883a22e0803463a"},
    {file = "fastavro-1.4.10-cp39-cp39-manylinux_2_17_x86_64.manylinux2014_x86_64.whl", hash = "sha256:9660878ca01e3dbbee12385c5902a2b6b12ecbb5af4733d1026175a14b1ef67f"},
    {file = "fastavro-1.4.10-cp39-cp39-win_amd64.whl", hash = "sha256:64cbd386e408b3bcb2de53b1f847163073eb0d0d0338db65f76051c6ba9a9bc1"},
    {file = "fastavro-1.4.10.tar.gz", hash = "sha256:a24f9dd803c44bfb599476b000f9bd0088f7ac2401e6c20818f38d8af12785a0"},
]
inflect = [
    {file = "inflect-5.4.0-py3-none-any.whl", hash = "sha256:2eb3f9a481e12849370d5a74acc546cc128d79df6e483928aa78b5bb18244ef6"},
    {file = "inflect-5.4.0.tar.gz", hash = "sha256:b58d58c4e73ffca9b25e075c1c4fc9cadecbb5c99d7cd9f3cdedda73ece83c1c"},
]
kafka-python = [
    {file = "kafka-python-2.0.2.tar.gz", hash = "sha256:04dfe7fea2b63726cd6f3e79a2d86e709d608d74406638c5da33a01d45a9d7e3"},
    {file = "kafka_python-2.0.2-py2.py3-none-any.whl", hash = "sha256:2d92418c7cb1c298fa6c7f0fb3519b520d0d7526ac6cb7ae2a4fc65a51a94b6e"},
]
python-dateutil = [
    {file = "python-dateutil-2.8.2.tar.gz", hash = "sha256:0123cacc1627ae19ddf3c27a5de5bd67ee4586fbdd6440d9748f8abb483d3e86"},
    {file = "python_dateutil-2.8.2-py2.py3-none-any.whl", hash = "sha256:961d03dc3453ebbc59dbdea9e4e11c5651520a876d0f4db161e8674aae935da9"},
]
pytz = [
    {file = "pytz-2022.1-py2.py3-none-any.whl", hash = "sha256:e68985985296d9a66a881eb3193b0906246245294a881e7c8afe623866ac6a5c"},
    {file = "pytz-2022.1.tar.gz", hash = "sha256:1e760e2fe6a8163bc0b3d9a19c4f84342afa0a2affebfaa84b01b978a02ecaa7"},
]
six = [
    {file = "six-1.16.0-py2.py3-none-any.whl", hash = "sha256:8abb2f1d86890a2dfb989f9a77cfcfd3e47c2a354b01111771326f8aa26e0254"},
    {file = "six-1.16.0.tar.gz", hash = "sha256:1e61c37477a1626458e36f7b1d82aa5c9b094fa4802892072e49de9c60c4c926"},
]
stringcase = [
    {file = "stringcase-1.2.0.tar.gz", hash = "sha256:48a06980661908efe8d9d34eab2b6c13aefa2163b3ced26972902e3bdfd87008"},
]
typer = [
    {file = "typer-0.4.0-py3-none-any.whl", hash = "sha256:d81169725140423d072df464cad1ff25ee154ef381aaf5b8225352ea187ca338"},
    {file = "typer-0.4.0.tar.gz", hash = "sha256:63c3aeab0549750ffe40da79a1b524f60e08a2cbc3126c520ebf2eeaf507f5dd"},
]
